<?xml version="1.0" encoding="UTF-8" standalone="yes" ?>
<CodeBlocks_project_file>
	<FileVersion major="1" minor="6" />
	<Project>
		<Option title="pawlib" />
		<Option makefile_is_custom="1" />
		<Option execution_dir="../../pawlib-git" />
		<Option pch_mode="2" />
		<Option compiler="gcc" />
		<MakeCommands>
			<Build command="" />
			<CompileFile command="" />
			<Clean command="make clean" />
			<DistClean command="$make -f $makefile distclean$target" />
			<AskRebuildNeeded command="" />
			<SilentBuild command=" &gt; $(CMD_NULL)" />
		</MakeCommands>
		<Build>
			<Target title="Debug">
				<Option output="lib/Debug/pawlib" prefix_auto="1" extension_auto="1" />
				<Option working_dir="" />
				<Option type="2" />
				<Option compiler="gcc" />
				<Option createDefFile="1" />
				<MakeCommands>
					<Build command="make pawlib_debug" />
					<CompileFile command="" />
					<Clean command="make cleandebug" />
					<DistClean command="$make -f $makefile distclean$target" />
					<AskRebuildNeeded command="" />
					<SilentBuild command="make pawlib_debug &gt; $(CMD_NULL)" />
				</MakeCommands>
			</Target>
			<Target title="Release">
				<Option output="libpawlib" prefix_auto="1" extension_auto="1" />
				<Option type="0" />
				<Option compiler="gcc" />
				<MakeCommands>
					<Build command="make pawlib" />
					<CompileFile command="" />
					<Clean command="make cleanrelease" />
					<DistClean command="$make -f $makefile distclean$target" />
					<AskRebuildNeeded command="" />
					<SilentBuild command="make pawlib &gt; $(CMD_NULL)" />
				</MakeCommands>
			</Target>
			<Target title="Debug64">
				<Option output="lib/Debug/pawlib" prefix_auto="1" extension_auto="1" />
				<Option working_dir="" />
				<Option object_output="obj/Debug64/" />
				<Option type="2" />
				<Option compiler="gcc" />
				<Option createDefFile="1" />
				<Compiler>
					<Add option="-Wextra" />
					<Add option="-Wall" />
					<Add option="-g" />
					<Add option="-m64" />
					<Add directory="include" />
					<Add directory="../cpgf/include" />
				</Compiler>
				<Linker>
					<Add library="../../../../repos/pawlib-git/cpgf/lib/libcpgf.a" />
					<Add directory="../cpgf/include" />
				</Linker>
				<MakeCommands>
					<Build command="make pawlib_debug ARCH=64" />
					<CompileFile command="" />
					<Clean command="make cleandebug" />
					<DistClean command="$make -f $makefile distclean$target" />
					<AskRebuildNeeded command="" />
					<SilentBuild command="make pawlib_debug ARCH=64 &gt; $(CMD_NULL)" />
				</MakeCommands>
			</Target>
			<Target title="Release64">
				<Option output="lib/Release/pawlib" prefix_auto="1" extension_auto="1" />
				<Option working_dir="" />
				<Option object_output="obj/Release64/" />
				<Option type="2" />
				<Option compiler="gcc" />
				<Option createDefFile="1" />
				<Compiler>
					<Add option="-O3" />
					<Add option="-m64" />
					<Add directory="include" />
				</Compiler>
				<Linker>
					<Add option="-s" />
				</Linker>
				<MakeCommands>
					<Build command="make pawlib ARCH=64" />
					<CompileFile command="" />
					<Clean command="make cleanrelease" />
					<DistClean command="$make -f $makefile distclean$target" />
					<AskRebuildNeeded command="" />
					<SilentBuild command="make pawlib ARCH=64 &gt; $(CMD_NULL)" />
				</MakeCommands>
			</Target>
			<Target title="Debug32">
				<Option output="lib/Debug/pawlib" prefix_auto="1" extension_auto="1" />
				<Option working_dir="" />
				<Option object_output="obj/Debug32/" />
				<Option type="2" />
				<Option compiler="gcc" />
				<Option createDefFile="1" />
				<Compiler>
					<Add option="-Wextra" />
					<Add option="-Wall" />
					<Add option="-g" />
					<Add option="-m32 -v" />
					<Add directory="include" />
				</Compiler>
				<MakeCommands>
					<Build command="make pawlib_debug ARCH=32" />
					<CompileFile command="" />
					<Clean command="make cleandebug" />
					<DistClean command="$make -f $makefile distclean$target" />
					<AskRebuildNeeded command="" />
					<SilentBuild command="make pawlib_debug ARCH=32 &gt; $(CMD_NULL)" />
				</MakeCommands>
			</Target>
			<Target title="Release32">
				<Option output="lib/Release/pawlib" prefix_auto="1" extension_auto="1" />
				<Option working_dir="" />
				<Option object_output="obj/Release32/" />
				<Option type="2" />
				<Option compiler="gcc" />
				<Option createDefFile="1" />
				<Compiler>
					<Add option="-O3" />
					<Add option="-m32" />
					<Add directory="include" />
				</Compiler>
				<Linker>
					<Add option="-s" />
				</Linker>
				<MakeCommands>
					<Build command="make pawlib ARCH=32" />
					<CompileFile command="" />
					<Clean command="make cleanrelease" />
					<DistClean command="$make -f $makefile distclean$target" />
					<AskRebuildNeeded command="" />
					<SilentBuild command="make pawlib ARCH=32 &gt; $(CMD_NULL)" />
				</MakeCommands>
			</Target>
		</Build>
		<VirtualTargets>
			<Add alias="All" targets="Debug64;Release64;Debug32;Release32;" />
		</VirtualTargets>
		<Compiler>
			<Add option="-std=c++14" />
			<Add directory="../libs/include" />
		</Compiler>
		<Unit filename="CMakeLists.txt" />
		<Unit filename="include/avl_tree.hpp" />
		<Unit filename="include/base_flex_array.hpp" />
		<Unit filename="include/binconv.hpp" />
		<Unit filename="include/core_types.hpp" />
		<Unit filename="include/core_types_tests.hpp" />
		<Unit filename="include/flex_array.hpp" />
		<Unit filename="include/flex_array_tests.hpp" />
		<Unit filename="include/flex_bit.hpp" />
		<Unit filename="include/flex_bit_tests.hpp" />
		<Unit filename="include/flex_map.hpp" />
		<Unit filename="include/flex_queue.hpp" />
		<Unit filename="include/flex_queue_tests.hpp" />
		<Unit filename="include/flex_stack.hpp" />
		<Unit filename="include/flex_stack_tests.hpp" />
		<Unit filename="include/goldilocks.hpp" />
		<Unit filename="include/iochannel.hpp" />
		<Unit filename="include/onechar.hpp" />
		<Unit filename="include/onestring.hpp" />
		<Unit filename="include/onestring_tests.hpp" />
		<Unit filename="include/onestringbase.hpp" />
		<Unit filename="include/pawsort.hpp" />
		<Unit filename="include/pawsort_tests.hpp" />
		<Unit filename="include/pool.hpp" />
		<Unit filename="include/pool_tests.hpp" />
		<Unit filename="include/quickstring.hpp" />
		<Unit filename="include/rigid_stack.hpp" />
		<Unit filename="include/singly_linked_list.hpp" />
		<Unit filename="include/stdutils.hpp" />
		<Unit filename="src/binconv.cpp" />
		<Unit filename="src/core_types.cpp" />
		<Unit filename="src/core_types_tests.cpp" />
		<Unit filename="src/flex_array_tests.cpp" />
		<Unit filename="src/flex_bit_tests.cpp" />
		<Unit filename="src/flex_queue_tests.cpp" />
		<Unit filename="src/flex_stack_tests.cpp" />
		<Unit filename="src/goldilocks.cpp" />
		<Unit filename="src/iochannel.cpp" />
		<Unit filename="src/onechar.cpp" />
		<Unit filename="src/onestring.cpp" />
		<Unit filename="src/onestring_tests.cpp" />
		<Unit filename="src/onestringbase.cpp" />
		<Unit filename="src/pawsort_tests.cpp" />
		<Unit filename="src/pool_tests.cpp" />
		<Unit filename="src/quickstring.cpp" />
		<Unit filename="src/stdutils.cpp" />
		<Extensions>
			<code_completion />
			<envvars />
			<debugger />
			<lib_finder disable_auto="1">
				<lib name="sigc++-2.0" />
			</lib_finder>
		</Extensions>
	</Project>
</CodeBlocks_project_file>
