<?xml version="1.0" encoding="UTF-8" standalone="yes" ?>
<CodeBlocks_project_file>
	<FileVersion major="1" minor="6" />
	<Project>
		<Option title="pawlib-tester" />
		<Option makefile_is_custom="1" />
		<Option execution_dir="../../pawlib-git" />
		<Option pch_mode="2" />
		<Option compiler="gcc" />
		<MakeCommands>
			<Build command="" />
			<CompileFile command="" />
			<Clean command="make clean" />
			<DistClean command="$make -f $makefile distclean$target" />
			<AskRebuildNeeded command="" />
			<SilentBuild command=" &gt; $(CMD_NULL)" />
		</MakeCommands>
		<Build>
			<Target title="Debug">
				<Option output="bin/Debug/pawlib-tester" prefix_auto="1" extension_auto="1" />
				<Option type="1" />
				<Option compiler="gcc" />
				<MakeCommands>
					<Build command="make tester_debug" />
					<CompileFile command="" />
					<Clean command="make cleandebug" />
					<DistClean command="$make -f $makefile distclean$target" />
					<AskRebuildNeeded command="" />
					<SilentBuild command="make tester_debug &gt; $(CMD_NULL)" />
				</MakeCommands>
			</Target>
			<Target title="Release">
				<Option output="bin/Release/pawlib-tester" prefix_auto="1" extension_auto="1" />
				<Option type="1" />
				<Option compiler="gcc" />
				<MakeCommands>
					<Build command="make tester" />
					<CompileFile command="" />
					<Clean command="make cleanrelease" />
					<DistClean command="$make -f $makefile distclean$target" />
					<AskRebuildNeeded command="" />
					<SilentBuild command="make tester &gt; $(CMD_NULL)" />
				</MakeCommands>
			</Target>
			<Target title="Debug64">
				<Option output="bin/Debug/pawlib-tester" prefix_auto="1" extension_auto="1" />
				<Option object_output="obj/Debug64/" />
				<Option type="1" />
				<Option compiler="gcc" />
				<Compiler>
					<Add option="-Wextra" />
					<Add option="-Wall" />
					<Add option="-g" />
					<Add option="-m64 -v" />
					<Add directory="../pawlib-source/include" />
					<Add directory="include" />
					<Add directory="../cpgf/include" />
				</Compiler>
				<ResourceCompiler>
					<Add directory="../pawlib/Debug64/include" />
				</ResourceCompiler>
				<Linker>
					<Add library="../pawlib-source/lib/Debug/libpawlib.a" />
					<Add directory="../pawlib-source/lib/Debug" />
					<Add directory="../cpgf/lib" />
				</Linker>
				<MakeCommands>
					<Build command="make tester_debug ARCH=64" />
					<CompileFile command="" />
					<Clean command="make cleandebug" />
					<DistClean command="$make -f $makefile distclean$target" />
					<AskRebuildNeeded command="" />
					<SilentBuild command="make tester_debug ARCH=64 &gt; $(CMD_NULL)" />
				</MakeCommands>
			</Target>
			<Target title="Release64">
				<Option output="bin/Release/pawlib-tester" prefix_auto="1" extension_auto="1" />
				<Option object_output="obj/Release64/" />
				<Option type="1" />
				<Option compiler="gcc" />
				<Compiler>
					<Add option="-fexpensive-optimizations" />
					<Add option="-O3" />
					<Add option="-m64" />
					<Add directory="../pawlib-source/include" />
					<Add directory="include" />
					<Add directory="../cpgf/include" />
				</Compiler>
				<Linker>
					<Add option="-s" />
					<Add library="../pawlib-source/lib/Release/libpawlib.a" />
					<Add directory="../pawlib-source/lib/Release" />
					<Add directory="../cpgf/lib" />
				</Linker>
				<MakeCommands>
					<Build command="make tester ARCH=64" />
					<CompileFile command="" />
					<Clean command="make cleanrelease" />
					<DistClean command="$make -f $makefile distclean$target" />
					<AskRebuildNeeded command="" />
					<SilentBuild command="make tester ARCH=64 &gt; $(CMD_NULL)" />
				</MakeCommands>
			</Target>
			<Target title="Debug32">
				<Option output="bin/Debug/pawlib-tester" prefix_auto="1" extension_auto="1" />
				<Option object_output="obj/Debug32/" />
				<Option type="1" />
				<Option compiler="gcc" />
				<Compiler>
					<Add option="-Wextra" />
					<Add option="-Wall" />
					<Add option="-g" />
					<Add option="-m32 -v" />
					<Add directory="../pawlib-source/include" />
					<Add directory="include" />
					<Add directory="../cpgf/include" />
				</Compiler>
				<Linker>
					<Add library="../pawlib-source/lib/Debug/libpawlib.a" />
					<Add directory="../pawlib-source/lib/Debug" />
					<Add directory="../cpgf/lib" />
				</Linker>
				<MakeCommands>
					<Build command="make tester_debug ARCH=32" />
					<CompileFile command="" />
					<Clean command="make cleandebug" />
					<DistClean command="$make -f $makefile distclean$target" />
					<AskRebuildNeeded command="" />
					<SilentBuild command="make tester_debug ARCH=32 &gt; $(CMD_NULL)" />
				</MakeCommands>
			</Target>
			<Target title="Release32">
				<Option output="bin/Release/pawlib-tester" prefix_auto="1" extension_auto="1" />
				<Option object_output="obj/Release32/" />
				<Option type="1" />
				<Option compiler="gcc" />
				<Compiler>
					<Add option="-O3" />
					<Add option="-m32" />
					<Add directory="../pawlib-source/include" />
					<Add directory="include" />
					<Add directory="../cpgf/include" />
				</Compiler>
				<Linker>
					<Add option="-s" />
					<Add library="../pawlib-source/lib/Release/libpawlib.a" />
					<Add directory="../pawlib-source/lib/Release" />
					<Add directory="../cpgf/lib" />
				</Linker>
				<MakeCommands>
					<Build command="make tester ARCH=32" />
					<CompileFile command="" />
					<Clean command="make cleanrelease" />
					<DistClean command="$make -f $makefile distclean$target" />
					<AskRebuildNeeded command="" />
					<SilentBuild command="make tester ARCH=32 &gt; $(CMD_NULL)" />
				</MakeCommands>
			</Target>
		</Build>
		<Compiler>
			<Add option="-std=c++14" />
			<Add option="-fexceptions" />
			<Add directory="../libs/include" />
			<Add directory="../libs/lib" />
		</Compiler>
		<Unit filename="include/TestSystem.hpp">
			<Option target="Debug64" />
			<Option target="Release64" />
			<Option target="Debug32" />
			<Option target="Release32" />
		</Unit>
		<Unit filename="main.cpp">
			<Option target="Debug64" />
			<Option target="Release64" />
			<Option target="Debug32" />
			<Option target="Release32" />
		</Unit>
		<Unit filename="src/TestSystem.cpp">
			<Option target="Debug64" />
			<Option target="Release64" />
			<Option target="Debug32" />
			<Option target="Release32" />
		</Unit>
		<Extensions>
			<code_completion />
			<envvars />
			<debugger />
			<lib_finder disable_auto="1">
				<lib name="sigc++-2.0" />
			</lib_finder>
		</Extensions>
	</Project>
</CodeBlocks_project_file>
