<?xml version="1.0" encoding="UTF-8" standalone="yes" ?>
<CodeBlocks_project_file>
	<FileVersion major="1" minor="6" />
	<Project>
		<Option title="pawlib-tester" />
		<Option makefile_is_custom="1" />
		<Option execution_dir="../../pawlib" />
		<Option pch_mode="2" />
		<Option compiler="gcc" />
		<MakeCommands>
			<Build command="" />
			<CompileFile command="" />
			<Clean command="make clean" />
			<DistClean command="$make -f $makefile distclean$target" />
			<AskRebuildNeeded command="" />
			<SilentBuild command=" &gt; $(CMD_NULL)" />
		</MakeCommands>
		<Build>
			<Target title="Debug">
				<Option output="bin/Debug/pawlib-tester" prefix_auto="1" extension_auto="1" />
				<Option type="1" />
				<Option compiler="gcc" />
				<MakeCommands>
					<Build command="make tester_debug" />
					<CompileFile command="" />
					<Clean command="make cleandebug" />
					<DistClean command="$make -f $makefile distclean$target" />
					<AskRebuildNeeded command="" />
					<SilentBuild command="make tester_debug &gt; $(CMD_NULL)" />
				</MakeCommands>
			</Target>
			<Target title="Release">
				<Option output="bin/Release/pawlib-tester" prefix_auto="1" extension_auto="1" />
				<Option type="1" />
				<Option compiler="gcc" />
				<MakeCommands>
					<Build command="make tester" />
					<CompileFile command="" />
					<Clean command="make cleanrelease" />
					<DistClean command="$make -f $makefile distclean$target" />
					<AskRebuildNeeded command="" />
					<SilentBuild command="make tester &gt; $(CMD_NULL)" />
				</MakeCommands>
			</Target>
		</Build>
		<Compiler>
			<Add option="-std=c++14" />
			<Add option="-fexceptions" />
			<Add directory="../libs/include" />
			<Add directory="../libs/lib" />
		</Compiler>
		<Unit filename="include/TestSystem.hpp">
			<Option target="&lt;{~None~}&gt;" />
		</Unit>
		<Unit filename="main.cpp">
			<Option target="&lt;{~None~}&gt;" />
		</Unit>
		<Unit filename="src/TestSystem.cpp">
			<Option target="&lt;{~None~}&gt;" />
		</Unit>
		<Extensions>
			<code_completion />
			<envvars />
			<debugger />
			<lib_finder disable_auto="1">
				<lib name="sigc++-2.0" />
			</lib_finder>
		</Extensions>
	</Project>
</CodeBlocks_project_file>
